<?xml version="1.0" encoding="utf-8"?>
<Project ToolsVersion="4.0" xmlns="http://schemas.microsoft.com/developer/msbuild/2003">
  <ItemGroup>
    <Filter Include="Source Files">
      <UniqueIdentifier>{4FC737F1-C7A5-4376-A066-2A32D752A2FF}</UniqueIdentifier>
      <Extensions>cpp;c;cc;cxx;def;odl;idl;hpj;bat;asm;asmx</Extensions>
    </Filter>
    <Filter Include="Header Files">
      <UniqueIdentifier>{93995380-89BD-4b04-88EB-625FBE52EBFB}</UniqueIdentifier>
      <Extensions>h;hh;hpp;hxx;hm;inl;inc;xsd</Extensions>
    </Filter>
    <Filter Include="Resource Files">
      <UniqueIdentifier>{67DA6AB6-F800-4c08-8B7A-83BB121AAD01}</UniqueIdentifier>
      <Extensions>rc;ico;cur;bmp;dlg;rc2;rct;bin;rgs;gif;jpg;jpeg;jpe;resx;tiff;tif;png;wav;mfcribbon-ms</Extensions>
    </Filter>
    <Filter Include="Header Files\Tests">
      <UniqueIdentifier>{69b1be79-73b4-4d23-9c75-9a0e7ffca79b}</UniqueIdentifier>
    </Filter>
    <Filter Include="Source Files\GeneratedTests">
      <UniqueIdentifier>{7e0e48e5-61e9-48ef-b692-7ef3359b9468}</UniqueIdentifier>
    </Filter>
    <Filter Include="Header Files\Math">
      <UniqueIdentifier>{ca101d19-a92d-4ecc-a8ce-03efe4669449}</UniqueIdentifier>
    </Filter>
    <Filter Include="Source Files\Math">
      <UniqueIdentifier>{1c99c9d3-27de-4056-93f1-1888fd149cff}</UniqueIdentifier>
    </Filter>
    <Filter Include="Header Files\OpenGLWraps">
      <UniqueIdentifier>{7b2d971b-2c56-4344-86bc-97fe273891c7}</UniqueIdentifier>
    </Filter>
    <Filter Include="Source Files\OpenGLWraps">
      <UniqueIdentifier>{243912cb-7505-48f4-bb3e-470853f1dacc}</UniqueIdentifier>
    </Filter>
    <Filter Include="Resource Files\Shaders">
      <UniqueIdentifier>{b51ed3a3-b448-4054-a251-05c425872bb0}</UniqueIdentifier>
    </Filter>
  </ItemGroup>
  <ItemGroup>
    <ClCompile Include="main.cpp">
      <Filter>Source Files</Filter>
    </ClCompile>
    <ClCompile Include="source\vector_math\MathFunctions.cpp">
      <Filter>Source Files\Math</Filter>
    </ClCompile>
    <ClCompile Include="source\vector_math\Vector2.cpp">
      <Filter>Source Files\Math</Filter>
    </ClCompile>
    <ClCompile Include="source\vector_math\Vector3.cpp">
      <Filter>Source Files\Math</Filter>
    </ClCompile>
    <ClCompile Include="source\vector_math\Vector4.cpp">
      <Filter>Source Files\Math</Filter>
    </ClCompile>
    <ClCompile Include="source\graphics_objects\GraphicsObject.cpp">
      <Filter>Source Files\OpenGLWraps</Filter>
    </ClCompile>
    <ClCompile Include="source\graphics_objects\GraphicsObjectManager.cpp">
      <Filter>Source Files\OpenGLWraps</Filter>
    </ClCompile>
    <ClCompile Include="source\StarkBase.cpp">
      <Filter>Source Files</Filter>
    </ClCompile>
  </ItemGroup>
  <ItemGroup>
    <ClInclude Include="headers\vector_math\MathFunctions.h">
      <Filter>Header Files\Math</Filter>
    </ClInclude>
    <ClInclude Include="headers\vector_math\Matrix3.h">
      <Filter>Header Files\Math</Filter>
    </ClInclude>
    <ClInclude Include="headers\vector_math\Vector2.h">
      <Filter>Header Files\Math</Filter>
    </ClInclude>
    <ClInclude Include="headers\vector_math\Vector3.h">
      <Filter>Header Files\Math</Filter>
    </ClInclude>
    <ClInclude Include="headers\vector_math\Vector4.h">
      <Filter>Header Files\Math</Filter>
    </ClInclude>
    <ClInclude Include="headers\graphics_objects\GraphicsObject.h">
      <Filter>Header Files\OpenGLWraps</Filter>
    </ClInclude>
    <ClInclude Include="headers\graphics_objects\GraphicsObjectManager.h">
      <Filter>Header Files\OpenGLWraps</Filter>
    </ClInclude>
    <ClInclude Include="headers\graphics_objects\Plane.h">
      <Filter>Header Files\OpenGLWraps</Filter>
    </ClInclude>
    <ClInclude Include="headers\graphics_objects\Triangle.h">
      <Filter>Header Files\OpenGLWraps</Filter>
    </ClInclude>
    <ClInclude Include="headers\StarkBase.h">
      <Filter>Header Files</Filter>
    </ClInclude>
    <ClInclude Include="tests\graphics_objects\TriangleTest.h">
      <Filter>Header Files\Tests</Filter>
    </ClInclude>
    <ClInclude Include="tests\vector_math\MathFunctionsTest.h">
      <Filter>Header Files\Tests</Filter>
    </ClInclude>
    <ClInclude Include="tests\vector_math\MatrixTest.h">
      <Filter>Header Files\Tests</Filter>
    </ClInclude>
    <ClInclude Include="tests\vector_math\VectorTest.h">
      <Filter>Header Files\Tests</Filter>
    </ClInclude>
  </ItemGroup>
  <ItemGroup>
    <None Include="resource\shaders\default.fs">
      <Filter>Resource Files\Shaders</Filter>
    </None>
    <None Include="resource\shaders\default.vs">
      <Filter>Resource Files\Shaders</Filter>
    </None>
  </ItemGroup>
</Project>