// !$*UTF8*$!
{
	archiveVersion = 1;
	classes = {
	};
	objectVersion = 48;
	objects = {

/* Begin PBXBuildFile section */
		B58676AB1FBACE5000C8CC49 /* libGLEW.2.1.0.dylib in Frameworks */ = {isa = PBXBuildFile; fileRef = B58676AA1FBACE5000C8CC49 /* libGLEW.2.1.0.dylib */; };
		B58676AD1FBACE5E00C8CC49 /* libglfw.3.2.dylib in Frameworks */ = {isa = PBXBuildFile; fileRef = B58676AC1FBACE5E00C8CC49 /* libglfw.3.2.dylib */; };
		B58676C11FBC854900C8CC49 /* StarkBase.cpp in Sources */ = {isa = PBXBuildFile; fileRef = B58676C01FBC854900C8CC49 /* StarkBase.cpp */; };
		B58676C41FBC858E00C8CC49 /* GraphicsObject.cpp in Sources */ = {isa = PBXBuildFile; fileRef = B58676C31FBC858E00C8CC49 /* GraphicsObject.cpp */; };
		B58676C61FBC85B900C8CC49 /* GraphicsObjectManager.cpp in Sources */ = {isa = PBXBuildFile; fileRef = B58676C51FBC85B900C8CC49 /* GraphicsObjectManager.cpp */; };
		B58676C91FBC85E900C8CC49 /* MathFunctions.cpp in Sources */ = {isa = PBXBuildFile; fileRef = B58676C81FBC85E900C8CC49 /* MathFunctions.cpp */; };
		B58676CB1FBC860C00C8CC49 /* Vector2.cpp in Sources */ = {isa = PBXBuildFile; fileRef = B58676CA1FBC860C00C8CC49 /* Vector2.cpp */; };
		B58676CD1FBC862900C8CC49 /* Vector3.cpp in Sources */ = {isa = PBXBuildFile; fileRef = B58676CC1FBC862900C8CC49 /* Vector3.cpp */; };
		B58676CF1FBC864100C8CC49 /* Vector4.cpp in Sources */ = {isa = PBXBuildFile; fileRef = B58676CE1FBC864100C8CC49 /* Vector4.cpp */; };
		B5CEF4A21FBAB8360084F32E /* main.cpp in Sources */ = {isa = PBXBuildFile; fileRef = B5CEF4A11FBAB8360084F32E /* main.cpp */; };
		B5CEF4AD1FBAC71C0084F32E /* OpenGL.framework in Frameworks */ = {isa = PBXBuildFile; fileRef = B5CEF4AC1FBAC7080084F32E /* OpenGL.framework */; };
/* End PBXBuildFile section */

/* Begin PBXCopyFilesBuildPhase section */
		B5CEF49C1FBAB8360084F32E /* CopyFiles */ = {
			isa = PBXCopyFilesBuildPhase;
			buildActionMask = 2147483647;
			dstPath = /usr/share/man/man1/;
			dstSubfolderSpec = 0;
			files = (
			);
			runOnlyForDeploymentPostprocessing = 1;
		};
/* End PBXCopyFilesBuildPhase section */

/* Begin PBXFileReference section */
		B58676AA1FBACE5000C8CC49 /* libGLEW.2.1.0.dylib */ = {isa = PBXFileReference; lastKnownFileType = "compiled.mach-o.dylib"; name = libGLEW.2.1.0.dylib; path = ../../../../../../../usr/local/Cellar/glew/2.1.0/lib/libGLEW.2.1.0.dylib; sourceTree = "<group>"; };
		B58676AC1FBACE5E00C8CC49 /* libglfw.3.2.dylib */ = {isa = PBXFileReference; lastKnownFileType = "compiled.mach-o.dylib"; name = libglfw.3.2.dylib; path = ../../../../../../../usr/local/Cellar/glfw/3.2.1/lib/libglfw.3.2.dylib; sourceTree = "<group>"; };
		B58676AF1FBC830600C8CC49 /* GraphicsObjectManager.h */ = {isa = PBXFileReference; lastKnownFileType = sourcecode.c.h; path = GraphicsObjectManager.h; sourceTree = "<group>"; };
		B58676B11FBC834300C8CC49 /* Vector3.h */ = {isa = PBXFileReference; lastKnownFileType = sourcecode.c.h; path = Vector3.h; sourceTree = "<group>"; };
		B58676B21FBC835D00C8CC49 /* Vector2.h */ = {isa = PBXFileReference; lastKnownFileType = sourcecode.c.h; path = Vector2.h; sourceTree = "<group>"; };
		B58676B31FBC837A00C8CC49 /* Vector4.h */ = {isa = PBXFileReference; lastKnownFileType = sourcecode.c.h; path = Vector4.h; sourceTree = "<group>"; };
		B58676B41FBC839D00C8CC49 /* Matrix3.h */ = {isa = PBXFileReference; lastKnownFileType = sourcecode.c.h; path = Matrix3.h; sourceTree = "<group>"; };
		B58676B51FBC83C000C8CC49 /* MathFunctions.h */ = {isa = PBXFileReference; lastKnownFileType = sourcecode.c.h; path = MathFunctions.h; sourceTree = "<group>"; };
		B58676B61FBC83E700C8CC49 /* GraphicsObject.h */ = {isa = PBXFileReference; lastKnownFileType = sourcecode.c.h; path = GraphicsObject.h; sourceTree = "<group>"; };
		B58676B71FBC840600C8CC49 /* Plane.h */ = {isa = PBXFileReference; lastKnownFileType = sourcecode.c.h; path = Plane.h; sourceTree = "<group>"; };
		B58676B81FBC842100C8CC49 /* Triangle.h */ = {isa = PBXFileReference; lastKnownFileType = sourcecode.c.h; path = Triangle.h; sourceTree = "<group>"; };
		B58676BB1FBC848E00C8CC49 /* default.fs */ = {isa = PBXFileReference; lastKnownFileType = sourcecode.glsl; path = default.fs; sourceTree = "<group>"; };
		B58676BC1FBC84B100C8CC49 /* default.vs */ = {isa = PBXFileReference; lastKnownFileType = sourcecode.glsl; path = default.vs; sourceTree = "<group>"; };
		B58676BD1FBC84E200C8CC49 /* redShader.fs */ = {isa = PBXFileReference; lastKnownFileType = sourcecode.glsl; path = redShader.fs; sourceTree = "<group>"; };
		B58676BE1FBC850300C8CC49 /* redShader.vs */ = {isa = PBXFileReference; lastKnownFileType = sourcecode.glsl; path = redShader.vs; sourceTree = "<group>"; };
		B58676C01FBC854900C8CC49 /* StarkBase.cpp */ = {isa = PBXFileReference; lastKnownFileType = sourcecode.cpp.cpp; path = StarkBase.cpp; sourceTree = "<group>"; };
		B58676C31FBC858E00C8CC49 /* GraphicsObject.cpp */ = {isa = PBXFileReference; lastKnownFileType = sourcecode.cpp.cpp; path = GraphicsObject.cpp; sourceTree = "<group>"; };
		B58676C51FBC85B900C8CC49 /* GraphicsObjectManager.cpp */ = {isa = PBXFileReference; lastKnownFileType = sourcecode.cpp.cpp; path = GraphicsObjectManager.cpp; sourceTree = "<group>"; };
		B58676C81FBC85E900C8CC49 /* MathFunctions.cpp */ = {isa = PBXFileReference; lastKnownFileType = sourcecode.cpp.cpp; path = MathFunctions.cpp; sourceTree = "<group>"; };
		B58676CA1FBC860C00C8CC49 /* Vector2.cpp */ = {isa = PBXFileReference; lastKnownFileType = sourcecode.cpp.cpp; path = Vector2.cpp; sourceTree = "<group>"; };
		B58676CC1FBC862900C8CC49 /* Vector3.cpp */ = {isa = PBXFileReference; lastKnownFileType = sourcecode.cpp.cpp; path = Vector3.cpp; sourceTree = "<group>"; };
		B58676CE1FBC864100C8CC49 /* Vector4.cpp */ = {isa = PBXFileReference; lastKnownFileType = sourcecode.cpp.cpp; path = Vector4.cpp; sourceTree = "<group>"; };
		B58676D31FBC8FCD00C8CC49 /* TriangleTest.h */ = {isa = PBXFileReference; lastKnownFileType = sourcecode.c.h; path = TriangleTest.h; sourceTree = "<group>"; };
		B58676D51FBC8FED00C8CC49 /* MathFunctionsTest.h */ = {isa = PBXFileReference; lastKnownFileType = sourcecode.c.h; path = MathFunctionsTest.h; sourceTree = "<group>"; };
		B58676D61FBC8FFD00C8CC49 /* MatrixTest.h */ = {isa = PBXFileReference; lastKnownFileType = sourcecode.c.h; path = MatrixTest.h; sourceTree = "<group>"; };
		B58676D71FBC900F00C8CC49 /* VectorTest.h */ = {isa = PBXFileReference; lastKnownFileType = sourcecode.c.h; path = VectorTest.h; sourceTree = "<group>"; };
		B5CEF49E1FBAB8360084F32E /* graphicsEngine */ = {isa = PBXFileReference; explicitFileType = "compiled.mach-o.executable"; includeInIndex = 0; path = graphicsEngine; sourceTree = BUILT_PRODUCTS_DIR; };
		B5CEF4A11FBAB8360084F32E /* main.cpp */ = {isa = PBXFileReference; lastKnownFileType = sourcecode.cpp.cpp; path = main.cpp; sourceTree = "<group>"; };
		B5CEF4AA1FBABA120084F32E /* StarkBase.h */ = {isa = PBXFileReference; lastKnownFileType = sourcecode.c.h; path = StarkBase.h; sourceTree = "<group>"; };
		B5CEF4AC1FBAC7080084F32E /* OpenGL.framework */ = {isa = PBXFileReference; lastKnownFileType = wrapper.framework; name = OpenGL.framework; path = System/Library/Frameworks/OpenGL.framework; sourceTree = SDKROOT; };
/* End PBXFileReference section */

/* Begin PBXFrameworksBuildPhase section */
		B5CEF49B1FBAB8360084F32E /* Frameworks */ = {
			isa = PBXFrameworksBuildPhase;
			buildActionMask = 2147483647;
			files = (
				B58676AD1FBACE5E00C8CC49 /* libglfw.3.2.dylib in Frameworks */,
				B58676AB1FBACE5000C8CC49 /* libGLEW.2.1.0.dylib in Frameworks */,
				B5CEF4AD1FBAC71C0084F32E /* OpenGL.framework in Frameworks */,
			);
			runOnlyForDeploymentPostprocessing = 0;
		};
/* End PBXFrameworksBuildPhase section */

/* Begin PBXGroup section */
		B58676AE1FBC82DD00C8CC49 /* graphics_objects */ = {
			isa = PBXGroup;
			children = (
				B58676AF1FBC830600C8CC49 /* GraphicsObjectManager.h */,
				B58676B61FBC83E700C8CC49 /* GraphicsObject.h */,
				B58676B71FBC840600C8CC49 /* Plane.h */,
				B58676B81FBC842100C8CC49 /* Triangle.h */,
			);
			path = graphics_objects;
			sourceTree = "<group>";
		};
		B58676B01FBC831900C8CC49 /* vector_math */ = {
			isa = PBXGroup;
			children = (
				B58676B11FBC834300C8CC49 /* Vector3.h */,
				B58676B21FBC835D00C8CC49 /* Vector2.h */,
				B58676B31FBC837A00C8CC49 /* Vector4.h */,
				B58676B41FBC839D00C8CC49 /* Matrix3.h */,
				B58676B51FBC83C000C8CC49 /* MathFunctions.h */,
			);
			path = vector_math;
			sourceTree = "<group>";
		};
		B58676B91FBC844000C8CC49 /* resource */ = {
			isa = PBXGroup;
			children = (
				B58676BA1FBC845300C8CC49 /* shaders */,
			);
			path = resource;
			sourceTree = "<group>";
		};
		B58676BA1FBC845300C8CC49 /* shaders */ = {
			isa = PBXGroup;
			children = (
				B58676BB1FBC848E00C8CC49 /* default.fs */,
				B58676BC1FBC84B100C8CC49 /* default.vs */,
				B58676BD1FBC84E200C8CC49 /* redShader.fs */,
				B58676BE1FBC850300C8CC49 /* redShader.vs */,
			);
			path = shaders;
			sourceTree = "<group>";
		};
		B58676BF1FBC852600C8CC49 /* source */ = {
			isa = PBXGroup;
			children = (
				B58676C71FBC85D000C8CC49 /* vector_math */,
				B58676C21FBC856A00C8CC49 /* graphics_objects */,
				B58676C01FBC854900C8CC49 /* StarkBase.cpp */,
			);
			path = source;
			sourceTree = "<group>";
		};
		B58676C21FBC856A00C8CC49 /* graphics_objects */ = {
			isa = PBXGroup;
			children = (
				B58676C31FBC858E00C8CC49 /* GraphicsObject.cpp */,
				B58676C51FBC85B900C8CC49 /* GraphicsObjectManager.cpp */,
			);
			path = graphics_objects;
			sourceTree = "<group>";
		};
		B58676C71FBC85D000C8CC49 /* vector_math */ = {
			isa = PBXGroup;
			children = (
				B58676C81FBC85E900C8CC49 /* MathFunctions.cpp */,
				B58676CA1FBC860C00C8CC49 /* Vector2.cpp */,
				B58676CC1FBC862900C8CC49 /* Vector3.cpp */,
				B58676CE1FBC864100C8CC49 /* Vector4.cpp */,
			);
			path = vector_math;
			sourceTree = "<group>";
		};
		B58676D11FBC8F7600C8CC49 /* tests */ = {
			isa = PBXGroup;
			children = (
				B58676D41FBC8FD900C8CC49 /* vector_math */,
				B58676D21FBC8FB000C8CC49 /* graphics_objects */,
			);
			path = tests;
			sourceTree = "<group>";
		};
		B58676D21FBC8FB000C8CC49 /* graphics_objects */ = {
			isa = PBXGroup;
			children = (
				B58676D31FBC8FCD00C8CC49 /* TriangleTest.h */,
			);
			path = graphics_objects;
			sourceTree = "<group>";
		};
		B58676D41FBC8FD900C8CC49 /* vector_math */ = {
			isa = PBXGroup;
			children = (
				B58676D51FBC8FED00C8CC49 /* MathFunctionsTest.h */,
				B58676D61FBC8FFD00C8CC49 /* MatrixTest.h */,
				B58676D71FBC900F00C8CC49 /* VectorTest.h */,
			);
			path = vector_math;
			sourceTree = "<group>";
		};
		B5CEF4951FBAB8360084F32E = {
			isa = PBXGroup;
			children = (
				B5CEF4A01FBAB8360084F32E /* graphicsEngine */,
				B5CEF49F1FBAB8360084F32E /* Products */,
				B5CEF4AB1FBAC7080084F32E /* Frameworks */,
			);
			sourceTree = "<group>";
			usesTabs = 0;
		};
		B5CEF49F1FBAB8360084F32E /* Products */ = {
			isa = PBXGroup;
			children = (
				B5CEF49E1FBAB8360084F32E /* graphicsEngine */,
			);
			name = Products;
			sourceTree = "<group>";
		};
		B5CEF4A01FBAB8360084F32E /* graphicsEngine */ = {
			isa = PBXGroup;
			children = (
				B58676D11FBC8F7600C8CC49 /* tests */,
				B58676BF1FBC852600C8CC49 /* source */,
				B58676B91FBC844000C8CC49 /* resource */,
				B5CEF4A81FBAB9070084F32E /* headers */,
				B5CEF4A11FBAB8360084F32E /* main.cpp */,
			);
			path = graphicsEngine;
			sourceTree = "<group>";
		};
		B5CEF4A81FBAB9070084F32E /* headers */ = {
			isa = PBXGroup;
			children = (
				B58676B01FBC831900C8CC49 /* vector_math */,
				B58676AE1FBC82DD00C8CC49 /* graphics_objects */,
				B5CEF4AA1FBABA120084F32E /* StarkBase.h */,
			);
			path = headers;
			sourceTree = "<group>";
		};
		B5CEF4AB1FBAC7080084F32E /* Frameworks */ = {
			isa = PBXGroup;
			children = (
				B58676AC1FBACE5E00C8CC49 /* libglfw.3.2.dylib */,
				B58676AA1FBACE5000C8CC49 /* libGLEW.2.1.0.dylib */,
				B5CEF4AC1FBAC7080084F32E /* OpenGL.framework */,
			);
			name = Frameworks;
			sourceTree = "<group>";
		};
/* End PBXGroup section */

/* Begin PBXNativeTarget section */
		B5CEF49D1FBAB8360084F32E /* graphicsEngine */ = {
			isa = PBXNativeTarget;
			buildConfigurationList = B5CEF4A51FBAB8360084F32E /* Build configuration list for PBXNativeTarget "graphicsEngine" */;
			buildPhases = (
				B5CEF49A1FBAB8360084F32E /* Sources */,
				B5CEF49B1FBAB8360084F32E /* Frameworks */,
				B5CEF49C1FBAB8360084F32E /* CopyFiles */,
			);
			buildRules = (
			);
			dependencies = (
			);
			name = graphicsEngine;
			productName = graphicsEngine;
			productReference = B5CEF49E1FBAB8360084F32E /* graphicsEngine */;
			productType = "com.apple.product-type.tool";
		};
/* End PBXNativeTarget section */

/* Begin PBXProject section */
		B5CEF4961FBAB8360084F32E /* Project object */ = {
			isa = PBXProject;
			attributes = {
				LastUpgradeCheck = 0910;
				ORGANIZATIONNAME = Brad;
				TargetAttributes = {
					B5CEF49D1FBAB8360084F32E = {
						CreatedOnToolsVersion = 9.1;
						ProvisioningStyle = Automatic;
					};
				};
			};
			buildConfigurationList = B5CEF4991FBAB8360084F32E /* Build configuration list for PBXProject "graphicsEngine" */;
			compatibilityVersion = "Xcode 8.0";
			developmentRegion = en;
			hasScannedForEncodings = 0;
			knownRegions = (
				en,
			);
			mainGroup = B5CEF4951FBAB8360084F32E;
			productRefGroup = B5CEF49F1FBAB8360084F32E /* Products */;
			projectDirPath = "";
			projectRoot = "";
			targets = (
				B5CEF49D1FBAB8360084F32E /* graphicsEngine */,
			);
		};
/* End PBXProject section */

/* Begin PBXSourcesBuildPhase section */
		B5CEF49A1FBAB8360084F32E /* Sources */ = {
			isa = PBXSourcesBuildPhase;
			buildActionMask = 2147483647;
			files = (
				B58676C11FBC854900C8CC49 /* StarkBase.cpp in Sources */,
				B58676CB1FBC860C00C8CC49 /* Vector2.cpp in Sources */,
				B58676C61FBC85B900C8CC49 /* GraphicsObjectManager.cpp in Sources */,
				B58676CF1FBC864100C8CC49 /* Vector4.cpp in Sources */,
				B58676C91FBC85E900C8CC49 /* MathFunctions.cpp in Sources */,
				B58676CD1FBC862900C8CC49 /* Vector3.cpp in Sources */,
				B5CEF4A21FBAB8360084F32E /* main.cpp in Sources */,
				B58676C41FBC858E00C8CC49 /* GraphicsObject.cpp in Sources */,
			);
			runOnlyForDeploymentPostprocessing = 0;
		};
/* End PBXSourcesBuildPhase section */

/* Begin XCBuildConfiguration section */
		B5CEF4A31FBAB8360084F32E /* Debug */ = {
			isa = XCBuildConfiguration;
			buildSettings = {
				ALWAYS_SEARCH_USER_PATHS = NO;
				CLANG_ANALYZER_NONNULL = YES;
				CLANG_ANALYZER_NUMBER_OBJECT_CONVERSION = YES_AGGRESSIVE;
				CLANG_CXX_LANGUAGE_STANDARD = "gnu++14";
				CLANG_CXX_LIBRARY = "libc++";
				CLANG_ENABLE_MODULES = YES;
				CLANG_ENABLE_OBJC_ARC = YES;
				CLANG_WARN_BLOCK_CAPTURE_AUTORELEASING = YES;
				CLANG_WARN_BOOL_CONVERSION = YES;
				CLANG_WARN_COMMA = YES;
				CLANG_WARN_CONSTANT_CONVERSION = YES;
				CLANG_WARN_DIRECT_OBJC_ISA_USAGE = YES_ERROR;
				CLANG_WARN_DOCUMENTATION_COMMENTS = YES;
				CLANG_WARN_EMPTY_BODY = YES;
				CLANG_WARN_ENUM_CONVERSION = YES;
				CLANG_WARN_INFINITE_RECURSION = YES;
				CLANG_WARN_INT_CONVERSION = YES;
				CLANG_WARN_NON_LITERAL_NULL_CONVERSION = YES;
				CLANG_WARN_OBJC_LITERAL_CONVERSION = YES;
				CLANG_WARN_OBJC_ROOT_CLASS = YES_ERROR;
				CLANG_WARN_RANGE_LOOP_ANALYSIS = YES;
				CLANG_WARN_STRICT_PROTOTYPES = YES;
				CLANG_WARN_SUSPICIOUS_MOVE = YES;
				CLANG_WARN_UNGUARDED_AVAILABILITY = YES_AGGRESSIVE;
				CLANG_WARN_UNREACHABLE_CODE = YES;
				CLANG_WARN__DUPLICATE_METHOD_MATCH = YES;
				CODE_SIGN_IDENTITY = "-";
				COPY_PHASE_STRIP = NO;
				DEBUG_INFORMATION_FORMAT = dwarf;
				ENABLE_STRICT_OBJC_MSGSEND = YES;
				ENABLE_TESTABILITY = YES;
				GCC_C_LANGUAGE_STANDARD = gnu11;
				GCC_DYNAMIC_NO_PIC = NO;
				GCC_NO_COMMON_BLOCKS = YES;
				GCC_OPTIMIZATION_LEVEL = 0;
				GCC_PREPROCESSOR_DEFINITIONS = (
					"DEBUG=1",
					"$(inherited)",
				);
				GCC_WARN_64_TO_32_BIT_CONVERSION = YES;
				GCC_WARN_ABOUT_RETURN_TYPE = YES_ERROR;
				GCC_WARN_UNDECLARED_SELECTOR = YES;
				GCC_WARN_UNINITIALIZED_AUTOS = YES_AGGRESSIVE;
				GCC_WARN_UNUSED_FUNCTION = YES;
				GCC_WARN_UNUSED_VARIABLE = YES;
				MACOSX_DEPLOYMENT_TARGET = 10.13;
				MTL_ENABLE_DEBUG_INFO = YES;
				ONLY_ACTIVE_ARCH = YES;
				SDKROOT = macosx;
			};
			name = Debug;
		};
		B5CEF4A41FBAB8360084F32E /* Release */ = {
			isa = XCBuildConfiguration;
			buildSettings = {
				ALWAYS_SEARCH_USER_PATHS = NO;
				CLANG_ANALYZER_NONNULL = YES;
				CLANG_ANALYZER_NUMBER_OBJECT_CONVERSION = YES_AGGRESSIVE;
				CLANG_CXX_LANGUAGE_STANDARD = "gnu++14";
				CLANG_CXX_LIBRARY = "libc++";
				CLANG_ENABLE_MODULES = YES;
				CLANG_ENABLE_OBJC_ARC = YES;
				CLANG_WARN_BLOCK_CAPTURE_AUTORELEASING = YES;
				CLANG_WARN_BOOL_CONVERSION = YES;
				CLANG_WARN_COMMA = YES;
				CLANG_WARN_CONSTANT_CONVERSION = YES;
				CLANG_WARN_DIRECT_OBJC_ISA_USAGE = YES_ERROR;
				CLANG_WARN_DOCUMENTATION_COMMENTS = YES;
				CLANG_WARN_EMPTY_BODY = YES;
				CLANG_WARN_ENUM_CONVERSION = YES;
				CLANG_WARN_INFINITE_RECURSION = YES;
				CLANG_WARN_INT_CONVERSION = YES;
				CLANG_WARN_NON_LITERAL_NULL_CONVERSION = YES;
				CLANG_WARN_OBJC_LITERAL_CONVERSION = YES;
				CLANG_WARN_OBJC_ROOT_CLASS = YES_ERROR;
				CLANG_WARN_RANGE_LOOP_ANALYSIS = YES;
				CLANG_WARN_STRICT_PROTOTYPES = YES;
				CLANG_WARN_SUSPICIOUS_MOVE = YES;
				CLANG_WARN_UNGUARDED_AVAILABILITY = YES_AGGRESSIVE;
				CLANG_WARN_UNREACHABLE_CODE = YES;
				CLANG_WARN__DUPLICATE_METHOD_MATCH = YES;
				CODE_SIGN_IDENTITY = "-";
				COPY_PHASE_STRIP = NO;
				DEBUG_INFORMATION_FORMAT = "dwarf-with-dsym";
				ENABLE_NS_ASSERTIONS = NO;
				ENABLE_STRICT_OBJC_MSGSEND = YES;
				GCC_C_LANGUAGE_STANDARD = gnu11;
				GCC_NO_COMMON_BLOCKS = YES;
				GCC_WARN_64_TO_32_BIT_CONVERSION = YES;
				GCC_WARN_ABOUT_RETURN_TYPE = YES_ERROR;
				GCC_WARN_UNDECLARED_SELECTOR = YES;
				GCC_WARN_UNINITIALIZED_AUTOS = YES_AGGRESSIVE;
				GCC_WARN_UNUSED_FUNCTION = YES;
				GCC_WARN_UNUSED_VARIABLE = YES;
				MACOSX_DEPLOYMENT_TARGET = 10.13;
				MTL_ENABLE_DEBUG_INFO = NO;
				SDKROOT = macosx;
			};
			name = Release;
		};
		B5CEF4A61FBAB8360084F32E /* Debug */ = {
			isa = XCBuildConfiguration;
			buildSettings = {
				CODE_SIGN_STYLE = Automatic;
				HEADER_SEARCH_PATHS = /usr/local/include;
				LIBRARY_SEARCH_PATHS = (
					"$(inherited)",
					/usr/local/Cellar/glew/2.1.0/lib,
					/usr/local/Cellar/glfw/3.2.1/lib,
				);
				PRODUCT_NAME = "$(TARGET_NAME)";
				USER_HEADER_SEARCH_PATHS = graphicsEngine;
			};
			name = Debug;
		};
		B5CEF4A71FBAB8360084F32E /* Release */ = {
			isa = XCBuildConfiguration;
			buildSettings = {
				CODE_SIGN_STYLE = Automatic;
				HEADER_SEARCH_PATHS = /usr/local/include;
				LIBRARY_SEARCH_PATHS = (
					"$(inherited)",
					/usr/local/Cellar/glew/2.1.0/lib,
					/usr/local/Cellar/glfw/3.2.1/lib,
				);
				PRODUCT_NAME = "$(TARGET_NAME)";
				USER_HEADER_SEARCH_PATHS = graphicsEngine;
			};
			name = Release;
		};
/* End XCBuildConfiguration section */

/* Begin XCConfigurationList section */
		B5CEF4991FBAB8360084F32E /* Build configuration list for PBXProject "graphicsEngine" */ = {
			isa = XCConfigurationList;
			buildConfigurations = (
				B5CEF4A31FBAB8360084F32E /* Debug */,
				B5CEF4A41FBAB8360084F32E /* Release */,
			);
			defaultConfigurationIsVisible = 0;
			defaultConfigurationName = Release;
		};
		B5CEF4A51FBAB8360084F32E /* Build configuration list for PBXNativeTarget "graphicsEngine" */ = {
			isa = XCConfigurationList;
			buildConfigurations = (
				B5CEF4A61FBAB8360084F32E /* Debug */,
				B5CEF4A71FBAB8360084F32E /* Release */,
			);
			defaultConfigurationIsVisible = 0;
			defaultConfigurationName = Release;
		};
/* End XCConfigurationList section */
	};
	rootObject = B5CEF4961FBAB8360084F32E /* Project object */;
}
